// !$*UTF8*$!
{
	archiveVersion = 1;
	classes = {
	};
	objectVersion = 46;
	objects = {

/* Begin PBXBuildFile section */
		CD861AA119079EF600ABA7E0 /* Foundation.framework in Frameworks */ = {isa = PBXBuildFile; fileRef = CD861AA019079EF600ABA7E0 /* Foundation.framework */; };
		CD861AA319079EF600ABA7E0 /* CoreGraphics.framework in Frameworks */ = {isa = PBXBuildFile; fileRef = CD861AA219079EF600ABA7E0 /* CoreGraphics.framework */; };
		CD861AA519079EF600ABA7E0 /* UIKit.framework in Frameworks */ = {isa = PBXBuildFile; fileRef = CD861AA419079EF600ABA7E0 /* UIKit.framework */; };
		CD861AAB19079EF600ABA7E0 /* InfoPlist.strings in Resources */ = {isa = PBXBuildFile; fileRef = CD861AA919079EF600ABA7E0 /* InfoPlist.strings */; };
		CD861AAD19079EF600ABA7E0 /* main.m in Sources */ = {isa = PBXBuildFile; fileRef = CD861AAC19079EF600ABA7E0 /* main.m */; };
		CD861AB119079EF600ABA7E0 /* DMZAppDelegate.m in Sources */ = {isa = PBXBuildFile; fileRef = CD861AB019079EF600ABA7E0 /* DMZAppDelegate.m */; };
		CD861AB419079EF600ABA7E0 /* Main.storyboard in Resources */ = {isa = PBXBuildFile; fileRef = CD861AB219079EF600ABA7E0 /* Main.storyboard */; };
		CD861AB719079EF600ABA7E0 /* DMZViewController.m in Sources */ = {isa = PBXBuildFile; fileRef = CD861AB619079EF600ABA7E0 /* DMZViewController.m */; };
		CD861AB919079EF600ABA7E0 /* Images.xcassets in Resources */ = {isa = PBXBuildFile; fileRef = CD861AB819079EF600ABA7E0 /* Images.xcassets */; };
		CD861AC019079EF600ABA7E0 /* XCTest.framework in Frameworks */ = {isa = PBXBuildFile; fileRef = CD861ABF19079EF600ABA7E0 /* XCTest.framework */; };
		CD861AC119079EF600ABA7E0 /* Foundation.framework in Frameworks */ = {isa = PBXBuildFile; fileRef = CD861AA019079EF600ABA7E0 /* Foundation.framework */; };
		CD861AC219079EF600ABA7E0 /* UIKit.framework in Frameworks */ = {isa = PBXBuildFile; fileRef = CD861AA419079EF600ABA7E0 /* UIKit.framework */; };
		CD861ACA19079EF600ABA7E0 /* InfoPlist.strings in Resources */ = {isa = PBXBuildFile; fileRef = CD861AC819079EF600ABA7E0 /* InfoPlist.strings */; };
		CD861ACC19079EF600ABA7E0 /* Git_TestTests.m in Sources */ = {isa = PBXBuildFile; fileRef = CD861ACB19079EF600ABA7E0 /* Git_TestTests.m */; };
		CD861AD71907A59E00ABA7E0 /* DMZTest.m in Sources */ = {isa = PBXBuildFile; fileRef = CD861AD61907A59E00ABA7E0 /* DMZTest.m */; };
/* End PBXBuildFile section */

/* Begin PBXContainerItemProxy section */
		CD861AC319079EF600ABA7E0 /* PBXContainerItemProxy */ = {
			isa = PBXContainerItemProxy;
			containerPortal = CD861A9519079EF500ABA7E0 /* Project object */;
			proxyType = 1;
			remoteGlobalIDString = CD861A9C19079EF600ABA7E0;
			remoteInfo = "Git Test";
		};
/* End PBXContainerItemProxy section */

/* Begin PBXFileReference section */
		CD861A9D19079EF600ABA7E0 /* Git Test.app */ = {isa = PBXFileReference; explicitFileType = wrapper.application; includeInIndex = 0; path = "Git Test.app"; sourceTree = BUILT_PRODUCTS_DIR; };
		CD861AA019079EF600ABA7E0 /* Foundation.framework */ = {isa = PBXFileReference; lastKnownFileType = wrapper.framework; name = Foundation.framework; path = System/Library/Frameworks/Foundation.framework; sourceTree = SDKROOT; };
		CD861AA219079EF600ABA7E0 /* CoreGraphics.framework */ = {isa = PBXFileReference; lastKnownFileType = wrapper.framework; name = CoreGraphics.framework; path = System/Library/Frameworks/CoreGraphics.framework; sourceTree = SDKROOT; };
		CD861AA419079EF600ABA7E0 /* UIKit.framework */ = {isa = PBXFileReference; lastKnownFileType = wrapper.framework; name = UIKit.framework; path = System/Library/Frameworks/UIKit.framework; sourceTree = SDKROOT; };
		CD861AA819079EF600ABA7E0 /* Git Test-Info.plist */ = {isa = PBXFileReference; lastKnownFileType = text.plist.xml; path = "Git Test-Info.plist"; sourceTree = "<group>"; };
		CD861AAA19079EF600ABA7E0 /* en */ = {isa = PBXFileReference; lastKnownFileType = text.plist.strings; name = en; path = en.lproj/InfoPlist.strings; sourceTree = "<group>"; };
		CD861AAC19079EF600ABA7E0 /* main.m */ = {isa = PBXFileReference; lastKnownFileType = sourcecode.c.objc; path = main.m; sourceTree = "<group>"; };
		CD861AAE19079EF600ABA7E0 /* Git Test-Prefix.pch */ = {isa = PBXFileReference; lastKnownFileType = sourcecode.c.h; path = "Git Test-Prefix.pch"; sourceTree = "<group>"; };
		CD861AAF19079EF600ABA7E0 /* DMZAppDelegate.h */ = {isa = PBXFileReference; lastKnownFileType = sourcecode.c.h; path = DMZAppDelegate.h; sourceTree = "<group>"; };
		CD861AB019079EF600ABA7E0 /* DMZAppDelegate.m */ = {isa = PBXFileReference; lastKnownFileType = sourcecode.c.objc; path = DMZAppDelegate.m; sourceTree = "<group>"; };
		CD861AB319079EF600ABA7E0 /* Base */ = {isa = PBXFileReference; lastKnownFileType = file.storyboard; name = Base; path = Base.lproj/Main.storyboard; sourceTree = "<group>"; };
		CD861AB519079EF600ABA7E0 /* DMZViewController.h */ = {isa = PBXFileReference; lastKnownFileType = sourcecode.c.h; path = DMZViewController.h; sourceTree = "<group>"; };
		CD861AB619079EF600ABA7E0 /* DMZViewController.m */ = {isa = PBXFileReference; lastKnownFileType = sourcecode.c.objc; path = DMZViewController.m; sourceTree = "<group>"; };
		CD861AB819079EF600ABA7E0 /* Images.xcassets */ = {isa = PBXFileReference; lastKnownFileType = folder.assetcatalog; path = Images.xcassets; sourceTree = "<group>"; };
		CD861ABE19079EF600ABA7E0 /* Git TestTests.xctest */ = {isa = PBXFileReference; explicitFileType = wrapper.cfbundle; includeInIndex = 0; path = "Git TestTests.xctest"; sourceTree = BUILT_PRODUCTS_DIR; };
		CD861ABF19079EF600ABA7E0 /* XCTest.framework */ = {isa = PBXFileReference; lastKnownFileType = wrapper.framework; name = XCTest.framework; path = Library/Frameworks/XCTest.framework; sourceTree = DEVELOPER_DIR; };
		CD861AC719079EF600ABA7E0 /* Git TestTests-Info.plist */ = {isa = PBXFileReference; lastKnownFileType = text.plist.xml; path = "Git TestTests-Info.plist"; sourceTree = "<group>"; };
		CD861AC919079EF600ABA7E0 /* en */ = {isa = PBXFileReference; lastKnownFileType = text.plist.strings; name = en; path = en.lproj/InfoPlist.strings; sourceTree = "<group>"; };
		CD861ACB19079EF600ABA7E0 /* Git_TestTests.m */ = {isa = PBXFileReference; lastKnownFileType = sourcecode.c.objc; path = Git_TestTests.m; sourceTree = "<group>"; };
		CD861AD51907A59E00ABA7E0 /* DMZTest.h */ = {isa = PBXFileReference; fileEncoding = 4; lastKnownFileType = sourcecode.c.h; path = DMZTest.h; sourceTree = "<group>"; };
		CD861AD61907A59E00ABA7E0 /* DMZTest.m */ = {isa = PBXFileReference; fileEncoding = 4; lastKnownFileType = sourcecode.c.objc; path = DMZTest.m; sourceTree = "<group>"; };
/* End PBXFileReference section */

/* Begin PBXFrameworksBuildPhase section */
		CD861A9A19079EF600ABA7E0 /* Frameworks */ = {
			isa = PBXFrameworksBuildPhase;
			buildActionMask = 2147483647;
			files = (
				CD861AA319079EF600ABA7E0 /* CoreGraphics.framework in Frameworks */,
				CD861AA519079EF600ABA7E0 /* UIKit.framework in Frameworks */,
				CD861AA119079EF600ABA7E0 /* Foundation.framework in Frameworks */,
			);
			runOnlyForDeploymentPostprocessing = 0;
		};
		CD861ABB19079EF600ABA7E0 /* Frameworks */ = {
			isa = PBXFrameworksBuildPhase;
			buildActionMask = 2147483647;
			files = (
				CD861AC019079EF600ABA7E0 /* XCTest.framework in Frameworks */,
				CD861AC219079EF600ABA7E0 /* UIKit.framework in Frameworks */,
				CD861AC119079EF600ABA7E0 /* Foundation.framework in Frameworks */,
			);
			runOnlyForDeploymentPostprocessing = 0;
		};
/* End PBXFrameworksBuildPhase section */

/* Begin PBXGroup section */
		CD861A9419079EF500ABA7E0 = {
			isa = PBXGroup;
			children = (
				CD861AA619079EF600ABA7E0 /* Git Test */,
				CD861AC519079EF600ABA7E0 /* Git TestTests */,
				CD861A9F19079EF600ABA7E0 /* Frameworks */,
				CD861A9E19079EF600ABA7E0 /* Products */,
			);
			sourceTree = "<group>";
		};
		CD861A9E19079EF600ABA7E0 /* Products */ = {
			isa = PBXGroup;
			children = (
				CD861A9D19079EF600ABA7E0 /* Git Test.app */,
				CD861ABE19079EF600ABA7E0 /* Git TestTests.xctest */,
			);
			name = Products;
			sourceTree = "<group>";
		};
		CD861A9F19079EF600ABA7E0 /* Frameworks */ = {
			isa = PBXGroup;
			children = (
				CD861AA019079EF600ABA7E0 /* Foundation.framework */,
				CD861AA219079EF600ABA7E0 /* CoreGraphics.framework */,
				CD861AA419079EF600ABA7E0 /* UIKit.framework */,
				CD861ABF19079EF600ABA7E0 /* XCTest.framework */,
			);
			name = Frameworks;
			sourceTree = "<group>";
		};
		CD861AA619079EF600ABA7E0 /* Git Test */ = {
			isa = PBXGroup;
			children = (
				CD861AAF19079EF600ABA7E0 /* DMZAppDelegate.h */,
				CD861AB019079EF600ABA7E0 /* DMZAppDelegate.m */,
				CD861AB219079EF600ABA7E0 /* Main.storyboard */,
				CD861AB519079EF600ABA7E0 /* DMZViewController.h */,
				CD861AB619079EF600ABA7E0 /* DMZViewController.m */,
				CD861AD51907A59E00ABA7E0 /* DMZTest.h */,
				CD861AD61907A59E00ABA7E0 /* DMZTest.m */,
				CD861AB819079EF600ABA7E0 /* Images.xcassets */,
				CD861AA719079EF600ABA7E0 /* Supporting Files */,
			);
			path = "Git Test";
			sourceTree = "<group>";
		};
		CD861AA719079EF600ABA7E0 /* Supporting Files */ = {
			isa = PBXGroup;
			children = (
				CD861AA819079EF600ABA7E0 /* Git Test-Info.plist */,
				CD861AA919079EF600ABA7E0 /* InfoPlist.strings */,
				CD861AAC19079EF600ABA7E0 /* main.m */,
				CD861AAE19079EF600ABA7E0 /* Git Test-Prefix.pch */,
			);
			name = "Supporting Files";
			sourceTree = "<group>";
		};
		CD861AC519079EF600ABA7E0 /* Git TestTests */ = {
			isa = PBXGroup;
			children = (
				CD861ACB19079EF600ABA7E0 /* Git_TestTests.m */,
				CD861AC619079EF600ABA7E0 /* Supporting Files */,
			);
			path = "Git TestTests";
			sourceTree = "<group>";
		};
		CD861AC619079EF600ABA7E0 /* Supporting Files */ = {
			isa = PBXGroup;
			children = (
				CD861AC719079EF600ABA7E0 /* Git TestTests-Info.plist */,
				CD861AC819079EF600ABA7E0 /* InfoPlist.strings */,
			);
			name = "Supporting Files";
			sourceTree = "<group>";
		};
/* End PBXGroup section */

/* Begin PBXNativeTarget section */
		CD861A9C19079EF600ABA7E0 /* Git Test */ = {
			isa = PBXNativeTarget;
			buildConfigurationList = CD861ACF19079EF600ABA7E0 /* Build configuration list for PBXNativeTarget "Git Test" */;
			buildPhases = (
				CD861A9919079EF600ABA7E0 /* Sources */,
				CD861A9A19079EF600ABA7E0 /* Frameworks */,
				CD861A9B19079EF600ABA7E0 /* Resources */,
			);
			buildRules = (
			);
			dependencies = (
			);
			name = "Git Test";
			productName = "Git Test";
			productReference = CD861A9D19079EF600ABA7E0 /* Git Test.app */;
			productType = "com.apple.product-type.application";
		};
		CD861ABD19079EF600ABA7E0 /* Git TestTests */ = {
			isa = PBXNativeTarget;
			buildConfigurationList = CD861AD219079EF600ABA7E0 /* Build configuration list for PBXNativeTarget "Git TestTests" */;
			buildPhases = (
				CD861ABA19079EF600ABA7E0 /* Sources */,
				CD861ABB19079EF600ABA7E0 /* Frameworks */,
				CD861ABC19079EF600ABA7E0 /* Resources */,
			);
			buildRules = (
			);
			dependencies = (
				CD861AC419079EF600ABA7E0 /* PBXTargetDependency */,
			);
			name = "Git TestTests";
			productName = "Git TestTests";
			productReference = CD861ABE19079EF600ABA7E0 /* Git TestTests.xctest */;
			productType = "com.apple.product-type.bundle.unit-test";
		};
/* End PBXNativeTarget section */

/* Begin PBXProject section */
		CD861A9519079EF500ABA7E0 /* Project object */ = {
			isa = PBXProject;
			attributes = {
				CLASSPREFIX = DMZ;
				LastUpgradeCheck = 0510;
				ORGANIZATIONNAME = "Dream Code";
				TargetAttributes = {
					CD861ABD19079EF600ABA7E0 = {
						TestTargetID = CD861A9C19079EF600ABA7E0;
					};
				};
			};
			buildConfigurationList = CD861A9819079EF500ABA7E0 /* Build configuration list for PBXProject "Git Test" */;
			compatibilityVersion = "Xcode 3.2";
			developmentRegion = English;
			hasScannedForEncodings = 0;
			knownRegions = (
				en,
				Base,
			);
			mainGroup = CD861A9419079EF500ABA7E0;
			productRefGroup = CD861A9E19079EF600ABA7E0 /* Products */;
			projectDirPath = "";
			projectRoot = "";
			targets = (
				CD861A9C19079EF600ABA7E0 /* Git Test */,
				CD861ABD19079EF600ABA7E0 /* Git TestTests */,
			);
		};
/* End PBXProject section */

/* Begin PBXResourcesBuildPhase section */
		CD861A9B19079EF600ABA7E0 /* Resources */ = {
			isa = PBXResourcesBuildPhase;
			buildActionMask = 2147483647;
			files = (
				CD861AB919079EF600ABA7E0 /* Images.xcassets in Resources */,
				CD861AAB19079EF600ABA7E0 /* InfoPlist.strings in Resources */,
				CD861AB419079EF600ABA7E0 /* Main.storyboard in Resources */,
			);
			runOnlyForDeploymentPostprocessing = 0;
		};
		CD861ABC19079EF600ABA7E0 /* Resources */ = {
			isa = PBXResourcesBuildPhase;
			buildActionMask = 2147483647;
			files = (
				CD861ACA19079EF600ABA7E0 /* InfoPlist.strings in Resources */,
			);
			runOnlyForDeploymentPostprocessing = 0;
		};
/* End PBXResourcesBuildPhase section */

/* Begin PBXSourcesBuildPhase section */
		CD861A9919079EF600ABA7E0 /* Sources */ = {
			isa = PBXSourcesBuildPhase;
			buildActionMask = 2147483647;
			files = (
				CD861AB719079EF600ABA7E0 /* DMZViewController.m in Sources */,
				CD861AB119079EF600ABA7E0 /* DMZAppDelegate.m in Sources */,
				CD861AAD19079EF600ABA7E0 /* main.m in Sources */,
				CD861AD71907A59E00ABA7E0 /* DMZTest.m in Sources */,
			);
			runOnlyForDeploymentPostprocessing = 0;
		};
		CD861ABA19079EF600ABA7E0 /* Sources */ = {
			isa = PBXSourcesBuildPhase;
			buildActionMask = 2147483647;
			files = (
				CD861ACC19079EF600ABA7E0 /* Git_TestTests.m in Sources */,
			);
			runOnlyForDeploymentPostprocessing = 0;
		};
/* End PBXSourcesBuildPhase section */

/* Begin PBXTargetDependency section */
		CD861AC419079EF600ABA7E0 /* PBXTargetDependency */ = {
			isa = PBXTargetDependency;
			target = CD861A9C19079EF600ABA7E0 /* Git Test */;
			targetProxy = CD861AC319079EF600ABA7E0 /* PBXContainerItemProxy */;
		};
/* End PBXTargetDependency section */

/* Begin PBXVariantGroup section */
		CD861AA919079EF600ABA7E0 /* InfoPlist.strings */ = {
			isa = PBXVariantGroup;
			children = (
				CD861AAA19079EF600ABA7E0 /* en */,
			);
			name = InfoPlist.strings;
			sourceTree = "<group>";
		};
		CD861AB219079EF600ABA7E0 /* Main.storyboard */ = {
			isa = PBXVariantGroup;
			children = (
				CD861AB319079EF600ABA7E0 /* Base */,
			);
			name = Main.storyboard;
			sourceTree = "<group>";
		};
		CD861AC819079EF600ABA7E0 /* InfoPlist.strings */ = {
			isa = PBXVariantGroup;
			children = (
				CD861AC919079EF600ABA7E0 /* en */,
			);
			name = InfoPlist.strings;
			sourceTree = "<group>";
		};
/* End PBXVariantGroup section */

/* Begin XCBuildConfiguration section */
		CD861ACD19079EF600ABA7E0 /* Debug */ = {
			isa = XCBuildConfiguration;
			buildSettings = {
				ALWAYS_SEARCH_USER_PATHS = NO;
				CLANG_CXX_LANGUAGE_STANDARD = "gnu++0x";
				CLANG_CXX_LIBRARY = "libc++";
				CLANG_ENABLE_MODULES = YES;
				CLANG_ENABLE_OBJC_ARC = YES;
				CLANG_WARN_BOOL_CONVERSION = YES;
				CLANG_WARN_CONSTANT_CONVERSION = YES;
				CLANG_WARN_DIRECT_OBJC_ISA_USAGE = YES_ERROR;
				CLANG_WARN_EMPTY_BODY = YES;
				CLANG_WARN_ENUM_CONVERSION = YES;
				CLANG_WARN_INT_CONVERSION = YES;
				CLANG_WARN_OBJC_ROOT_CLASS = YES_ERROR;
				CLANG_WARN__DUPLICATE_METHOD_MATCH = YES;
				"CODE_SIGN_IDENTITY[sdk=iphoneos*]" = "iPhone Developer";
				COPY_PHASE_STRIP = NO;
				GCC_C_LANGUAGE_STANDARD = gnu99;
				GCC_DYNAMIC_NO_PIC = NO;
				GCC_OPTIMIZATION_LEVEL = 0;
				GCC_PREPROCESSOR_DEFINITIONS = (
					"DEBUG=1",
					"$(inherited)",
				);
				GCC_SYMBOLS_PRIVATE_EXTERN = NO;
				GCC_WARN_64_TO_32_BIT_CONVERSION = YES;
				GCC_WARN_ABOUT_RETURN_TYPE = YES_ERROR;
				GCC_WARN_UNDECLARED_SELECTOR = YES;
				GCC_WARN_UNINITIALIZED_AUTOS = YES_AGGRESSIVE;
				GCC_WARN_UNUSED_FUNCTION = YES;
				GCC_WARN_UNUSED_VARIABLE = YES;
				IPHONEOS_DEPLOYMENT_TARGET = 7.1;
				ONLY_ACTIVE_ARCH = YES;
				SDKROOT = iphoneos;
			};
			name = Debug;
		};
		CD861ACE19079EF600ABA7E0 /* Release */ = {
			isa = XCBuildConfiguration;
			buildSettings = {
				ALWAYS_SEARCH_USER_PATHS = NO;
				CLANG_CXX_LANGUAGE_STANDARD = "gnu++0x";
				CLANG_CXX_LIBRARY = "libc++";
				CLANG_ENABLE_MODULES = YES;
				CLANG_ENABLE_OBJC_ARC = YES;
				CLANG_WARN_BOOL_CONVERSION = YES;
				CLANG_WARN_CONSTANT_CONVERSION = YES;
				CLANG_WARN_DIRECT_OBJC_ISA_USAGE = YES_ERROR;
				CLANG_WARN_EMPTY_BODY = YES;
				CLANG_WARN_ENUM_CONVERSION = YES;
				CLANG_WARN_INT_CONVERSION = YES;
				CLANG_WARN_OBJC_ROOT_CLASS = YES_ERROR;
				CLANG_WARN__DUPLICATE_METHOD_MATCH = YES;
				"CODE_SIGN_IDENTITY[sdk=iphoneos*]" = "iPhone Developer";
				COPY_PHASE_STRIP = YES;
				ENABLE_NS_ASSERTIONS = NO;
				GCC_C_LANGUAGE_STANDARD = gnu99;
				GCC_WARN_64_TO_32_BIT_CONVERSION = YES;
				GCC_WARN_ABOUT_RETURN_TYPE = YES_ERROR;
				GCC_WARN_UNDECLARED_SELECTOR = YES;
				GCC_WARN_UNINITIALIZED_AUTOS = YES_AGGRESSIVE;
				GCC_WARN_UNUSED_FUNCTION = YES;
				GCC_WARN_UNUSED_VARIABLE = YES;
				IPHONEOS_DEPLOYMENT_TARGET = 7.1;
				SDKROOT = iphoneos;
				VALIDATE_PRODUCT = YES;
			};
			name = Release;
		};
		CD861AD019079EF600ABA7E0 /* Debug */ = {
			isa = XCBuildConfiguration;
			buildSettings = {
				ASSETCATALOG_COMPILER_APPICON_NAME = AppIcon;
				ASSETCATALOG_COMPILER_LAUNCHIMAGE_NAME = LaunchImage;
				GCC_PRECOMPILE_PREFIX_HEADER = YES;
				GCC_PREFIX_HEADER = "Git Test/Git Test-Prefix.pch";
				INFOPLIST_FILE = "Git Test/Git Test-Info.plist";
				PRODUCT_NAME = "$(TARGET_NAME)";
				WRAPPER_EXTENSION = app;
			};
			name = Debug;
		};
		CD861AD119079EF600ABA7E0 /* Release */ = {
			isa = XCBuildConfiguration;
			buildSettings = {
				ASSETCATALOG_COMPILER_APPICON_NAME = AppIcon;
				ASSETCATALOG_COMPILER_LAUNCHIMAGE_NAME = LaunchImage;
				GCC_PRECOMPILE_PREFIX_HEADER = YES;
				GCC_PREFIX_HEADER = "Git Test/Git Test-Prefix.pch";
				INFOPLIST_FILE = "Git Test/Git Test-Info.plist";
				PRODUCT_NAME = "$(TARGET_NAME)";
				WRAPPER_EXTENSION = app;
			};
			name = Release;
		};
		CD861AD319079EF600ABA7E0 /* Debug */ = {
			isa = XCBuildConfiguration;
			buildSettings = {
				BUNDLE_LOADER = "$(BUILT_PRODUCTS_DIR)/Git Test.app/Git Test";
				FRAMEWORK_SEARCH_PATHS = (
					"$(SDKROOT)/Developer/Library/Frameworks",
					"$(inherited)",
					"$(DEVELOPER_FRAMEWORKS_DIR)",
				);
				GCC_PRECOMPILE_PREFIX_HEADER = YES;
				GCC_PREFIX_HEADER = "Git Test/Git Test-Prefix.pch";
				GCC_PREPROCESSOR_DEFINITIONS = (
					"DEBUG=1",
					"$(inherited)",
				);
				INFOPLIST_FILE = "Git TestTests/Git TestTests-Info.plist";
				PRODUCT_NAME = "$(TARGET_NAME)";
				TEST_HOST = "$(BUNDLE_LOADER)";
				WRAPPER_EXTENSION = xctest;
			};
			name = Debug;
		};
		CD861AD419079EF600ABA7E0 /* Release */ = {
			isa = XCBuildConfiguration;
			buildSettings = {
				BUNDLE_LOADER = "$(BUILT_PRODUCTS_DIR)/Git Test.app/Git Test";
				FRAMEWORK_SEARCH_PATHS = (
					"$(SDKROOT)/Developer/Library/Frameworks",
					"$(inherited)",
					"$(DEVELOPER_FRAMEWORKS_DIR)",
				);
				GCC_PRECOMPILE_PREFIX_HEADER = YES;
				GCC_PREFIX_HEADER = "Git Test/Git Test-Prefix.pch";
				INFOPLIST_FILE = "Git TestTests/Git TestTests-Info.plist";
				PRODUCT_NAME = "$(TARGET_NAME)";
				TEST_HOST = "$(BUNDLE_LOADER)";
				WRAPPER_EXTENSION = xctest;
			};
			name = Release;
		};
/* End XCBuildConfiguration section */

/* Begin XCConfigurationList section */
		CD861A9819079EF500ABA7E0 /* Build configuration list for PBXProject "Git Test" */ = {
			isa = XCConfigurationList;
			buildConfigurations = (
				CD861ACD19079EF600ABA7E0 /* Debug */,
				CD861ACE19079EF600ABA7E0 /* Release */,
			);
			defaultConfigurationIsVisible = 0;
			defaultConfigurationName = Release;
		};
		CD861ACF19079EF600ABA7E0 /* Build configuration list for PBXNativeTarget "Git Test" */ = {
			isa = XCConfigurationList;
			buildConfigurations = (
				CD861AD019079EF600ABA7E0 /* Debug */,
				CD861AD119079EF600ABA7E0 /* Release */,
			);
			defaultConfigurationIsVisible = 0;
		};
		CD861AD219079EF600ABA7E0 /* Build configuration list for PBXNativeTarget "Git TestTests" */ = {
			isa = XCConfigurationList;
			buildConfigurations = (
				CD861AD319079EF600ABA7E0 /* Debug */,
				CD861AD419079EF600ABA7E0 /* Release */,
			);
			defaultConfigurationIsVisible = 0;
		};
/* End XCConfigurationList section */
	};
	rootObject = CD861A9519079EF500ABA7E0 /* Project object */;
}
